
Microsoft Visual Studio Solution File, Format Version 12.00
# Visual Studio Version 17
VisualStudioVersion = 17.5.33502.453
MinimumVisualStudioVersion = 10.0.40219.1
Project("{9A19103F-16F7-4668-BE54-9A1E7A4F7556}") = "ConsoleSearch", "ConsoleSearch\ConsoleSearch.csproj", "{8DF99C5C-09E2-430F-8DAD-5052DF2A9076}"
EndProject
Project("{9A19103F-16F7-4668-BE54-9A1E7A4F7556}") = "Common", "Common\Common.csproj", "{CE712703-C16E-4CB9-B118-A07B582E45DC}"
EndProject
Project("{9A19103F-16F7-4668-BE54-9A1E7A4F7556}") = "SearchAPI", "SearchAPI\SearchAPI.csproj", "{376C2F6E-858C-470B-BD93-A7C214BF89FB}"
EndProject
Project("{9A19103F-16F7-4668-BE54-9A1E7A4F7556}") = "WebSearch", "WebSearch\WebSearch.csproj", "{20749D97-1D2E-415A-8B18-B7EBD6E596EF}"
EndProject
Project("{9A19103F-16F7-4668-BE54-9A1E7A4F7556}") = "LoadBalancer", "LoadBalancer\LoadBalancer.csproj", "{CD803C42-A82F-48FA-A874-94038C9C584C}"
EndProject
Project("{9A19103F-16F7-4668-BE54-9A1E7A4F7556}") = "SearchStatistics", "SearchStatistics\SearchStatistics.csproj", "{B5595309-394A-4303-92F0-26AAF5A8BC9E}"
EndProject
Project("{9A19103F-16F7-4668-BE54-9A1E7A4F7556}") = "SunriseSunsetAPI", "SunriseSunsetAPI\SunriseSunsetAPI.csproj", "{96F1DC8E-54D1-4F99-B289-535900BFA56E}"
EndProject
Global
	GlobalSection(SolutionConfigurationPlatforms) = preSolution
		Debug|Any CPU = Debug|Any CPU
		Release|Any CPU = Release|Any CPU
	EndGlobalSection
	GlobalSection(ProjectConfigurationPlatforms) = postSolution
		{8DF99C5C-09E2-430F-8DAD-5052DF2A9076}.Debug|Any CPU.ActiveCfg = Debug|Any CPU
		{8DF99C5C-09E2-430F-8DAD-5052DF2A9076}.Debug|Any CPU.Build.0 = Debug|Any CPU
		{8DF99C5C-09E2-430F-8DAD-5052DF2A9076}.Release|Any CPU.ActiveCfg = Release|Any CPU
		{8DF99C5C-09E2-430F-8DAD-5052DF2A9076}.Release|Any CPU.Build.0 = Release|Any CPU
		{CE712703-C16E-4CB9-B118-A07B582E45DC}.Debug|Any CPU.ActiveCfg = Debug|Any CPU
		{CE712703-C16E-4CB9-B118-A07B582E45DC}.Debug|Any CPU.Build.0 = Debug|Any CPU
		{CE712703-C16E-4CB9-B118-A07B582E45DC}.Release|Any CPU.ActiveCfg = Release|Any CPU
		{CE712703-C16E-4CB9-B118-A07B582E45DC}.Release|Any CPU.Build.0 = Release|Any CPU
		{376C2F6E-858C-470B-BD93-A7C214BF89FB}.Debug|Any CPU.ActiveCfg = Debug|Any CPU
		{376C2F6E-858C-470B-BD93-A7C214BF89FB}.Debug|Any CPU.Build.0 = Debug|Any CPU
		{376C2F6E-858C-470B-BD93-A7C214BF89FB}.Release|Any CPU.ActiveCfg = Release|Any CPU
		{376C2F6E-858C-470B-BD93-A7C214BF89FB}.Release|Any CPU.Build.0 = Release|Any CPU
		{20749D97-1D2E-415A-8B18-B7EBD6E596EF}.Debug|Any CPU.ActiveCfg = Debug|Any CPU
		{20749D97-1D2E-415A-8B18-B7EBD6E596EF}.Debug|Any CPU.Build.0 = Debug|Any CPU
		{20749D97-1D2E-415A-8B18-B7EBD6E596EF}.Release|Any CPU.ActiveCfg = Release|Any CPU
		{20749D97-1D2E-415A-8B18-B7EBD6E596EF}.Release|Any CPU.Build.0 = Release|Any CPU
		{CD803C42-A82F-48FA-A874-94038C9C584C}.Debug|Any CPU.ActiveCfg = Debug|Any CPU
		{CD803C42-A82F-48FA-A874-94038C9C584C}.Debug|Any CPU.Build.0 = Debug|Any CPU
		{CD803C42-A82F-48FA-A874-94038C9C584C}.Release|Any CPU.ActiveCfg = Release|Any CPU
		{CD803C42-A82F-48FA-A874-94038C9C584C}.Release|Any CPU.Build.0 = Release|Any CPU
		{B5595309-394A-4303-92F0-26AAF5A8BC9E}.Debug|Any CPU.ActiveCfg = Debug|Any CPU
		{B5595309-394A-4303-92F0-26AAF5A8BC9E}.Debug|Any CPU.Build.0 = Debug|Any CPU
		{B5595309-394A-4303-92F0-26AAF5A8BC9E}.Release|Any CPU.ActiveCfg = Release|Any CPU
		{B5595309-394A-4303-92F0-26AAF5A8BC9E}.Release|Any CPU.Build.0 = Release|Any CPU
		{96F1DC8E-54D1-4F99-B289-535900BFA56E}.Debug|Any CPU.ActiveCfg = Debug|Any CPU
		{96F1DC8E-54D1-4F99-B289-535900BFA56E}.Debug|Any CPU.Build.0 = Debug|Any CPU
		{96F1DC8E-54D1-4F99-B289-535900BFA56E}.Release|Any CPU.ActiveCfg = Release|Any CPU
		{96F1DC8E-54D1-4F99-B289-535900BFA56E}.Release|Any CPU.Build.0 = Release|Any CPU
	EndGlobalSection
	GlobalSection(SolutionProperties) = preSolution
		HideSolutionNode = FALSE
	EndGlobalSection
	GlobalSection(ExtensibilityGlobals) = postSolution
		SolutionGuid = {0EBC1CCA-0BFD-4D41-AE7E-1157EA73535D}
	EndGlobalSection
EndGlobal
